
Microsoft Visual Studio Solution File, Format Version 12.00
# Visual Studio 2012
Project("{FAE04EC0-301F-11D3-BF4B-00C04F79EFBC}") = "taller 2 solucion 2", "taller 2 solucion 2\taller 2 solucion 2.csproj", "{40465DAD-0C29-4214-92D2-9C76C785A9CB}"
EndProject
Global
	GlobalSection(SolutionConfigurationPlatforms) = preSolution
		Debug|Any CPU = Debug|Any CPU
		Release|Any CPU = Release|Any CPU
	EndGlobalSection
	GlobalSection(ProjectConfigurationPlatforms) = postSolution
		{40465DAD-0C29-4214-92D2-9C76C785A9CB}.Debug|Any CPU.ActiveCfg = Debug|Any CPU
		{40465DAD-0C29-4214-92D2-9C76C785A9CB}.Debug|Any CPU.Build.0 = Debug|Any CPU
		{40465DAD-0C29-4214-92D2-9C76C785A9CB}.Release|Any CPU.ActiveCfg = Release|Any CPU
		{40465DAD-0C29-4214-92D2-9C76C785A9CB}.Release|Any CPU.Build.0 = Release|Any CPU
	EndGlobalSection
	GlobalSection(SolutionProperties) = preSolution
		HideSolutionNode = FALSE
	EndGlobalSection
EndGlobal
